
Microsoft Visual Studio Solution File, Format Version 12.00
# Visual Studio Version 16
VisualStudioVersion = 16.0.31019.35
MinimumVisualStudioVersion = 10.0.40219.1
Project("{FAE04EC0-301F-11D3-BF4B-00C04F79EFBC}") = "YTD", "YTD\YTD.csproj", "{C1EB2EEE-B28F-4091-92F3-4CED59152A96}"
EndProject
Global
	GlobalSection(SolutionConfigurationPlatforms) = preSolution
		Debug|Any CPU = Debug|Any CPU
		Release|Any CPU = Release|Any CPU
	EndGlobalSection
	GlobalSection(ProjectConfigurationPlatforms) = postSolution
		{C1EB2EEE-B28F-4091-92F3-4CED59152A96}.Debug|Any CPU.ActiveCfg = Debug|Any CPU
		{C1EB2EEE-B28F-4091-92F3-4CED59152A96}.Debug|Any CPU.Build.0 = Debug|Any CPU
		{C1EB2EEE-B28F-4091-92F3-4CED59152A96}.Release|Any CPU.ActiveCfg = Release|Any CPU
		{C1EB2EEE-B28F-4091-92F3-4CED59152A96}.Release|Any CPU.Build.0 = Release|Any CPU
	EndGlobalSection
	GlobalSection(SolutionProperties) = preSolution
		HideSolutionNode = FALSE
	EndGlobalSection
	GlobalSection(ExtensibilityGlobals) = postSolution
		SolutionGuid = {B7EA1021-5041-4D24-BB57-EA470B74FB41}
	EndGlobalSection
EndGlobal
